
Microsoft Visual Studio Solution File, Format Version 12.00
# Visual Studio Version 16
VisualStudioVersion = 16.0.30804.86
MinimumVisualStudioVersion = 10.0.40219.1
Project("{FAE04EC0-301F-11D3-BF4B-00C04F79EFBC}") = "Moviecruiser", "Moviecruiser\Moviecruiser.csproj", "{EA896C57-B87F-4FA2-9E7A-FA9F84619A1C}"
EndProject
Project("{FAE04EC0-301F-11D3-BF4B-00C04F79EFBC}") = "Com.Cognizant.MovieCruiser.Model", "C:\Users\sahit\source\repos\Moviecruiser\Com.Cognizant.MovieCruiser.Model\Com.Cognizant.MovieCruiser.Model.csproj", "{3D5EEF30-A726-4A8F-B1E0-D5284EBB9F6F}"
EndProject
Project("{FAE04EC0-301F-11D3-BF4B-00C04F79EFBC}") = "Com.Cognizant.Moviecruiser.Dao", "C:\Users\sahit\source\repos\Com.Cognizant.Moviecruiser.Dao\Com.Cognizant.Moviecruiser.Dao\Com.Cognizant.Moviecruiser.Dao.csproj", "{BC8EDDA7-01EE-4992-9CB6-858C699FDC58}"
EndProject
Global
	GlobalSection(SolutionConfigurationPlatforms) = preSolution
		Debug|Any CPU = Debug|Any CPU
		Release|Any CPU = Release|Any CPU
	EndGlobalSection
	GlobalSection(ProjectConfigurationPlatforms) = postSolution
		{EA896C57-B87F-4FA2-9E7A-FA9F84619A1C}.Debug|Any CPU.ActiveCfg = Debug|Any CPU
		{EA896C57-B87F-4FA2-9E7A-FA9F84619A1C}.Debug|Any CPU.Build.0 = Debug|Any CPU
		{EA896C57-B87F-4FA2-9E7A-FA9F84619A1C}.Release|Any CPU.ActiveCfg = Release|Any CPU
		{EA896C57-B87F-4FA2-9E7A-FA9F84619A1C}.Release|Any CPU.Build.0 = Release|Any CPU
		{3D5EEF30-A726-4A8F-B1E0-D5284EBB9F6F}.Debug|Any CPU.ActiveCfg = Debug|Any CPU
		{3D5EEF30-A726-4A8F-B1E0-D5284EBB9F6F}.Debug|Any CPU.Build.0 = Debug|Any CPU
		{3D5EEF30-A726-4A8F-B1E0-D5284EBB9F6F}.Release|Any CPU.ActiveCfg = Release|Any CPU
		{3D5EEF30-A726-4A8F-B1E0-D5284EBB9F6F}.Release|Any CPU.Build.0 = Release|Any CPU
		{BC8EDDA7-01EE-4992-9CB6-858C699FDC58}.Debug|Any CPU.ActiveCfg = Debug|Any CPU
		{BC8EDDA7-01EE-4992-9CB6-858C699FDC58}.Debug|Any CPU.Build.0 = Debug|Any CPU
		{BC8EDDA7-01EE-4992-9CB6-858C699FDC58}.Release|Any CPU.ActiveCfg = Release|Any CPU
		{BC8EDDA7-01EE-4992-9CB6-858C699FDC58}.Release|Any CPU.Build.0 = Release|Any CPU
	EndGlobalSection
	GlobalSection(SolutionProperties) = preSolution
		HideSolutionNode = FALSE
	EndGlobalSection
	GlobalSection(ExtensibilityGlobals) = postSolution
		SolutionGuid = {0585EE30-BCD0-4650-98DE-BF671630D883}
	EndGlobalSection
EndGlobal
