
Microsoft Visual Studio Solution File, Format Version 12.00
# Visual Studio Version 16
VisualStudioVersion = 16.0.30804.86
MinimumVisualStudioVersion = 10.0.40219.1
Project("{FAE04EC0-301F-11D3-BF4B-00C04F79EFBC}") = "movieCruiser1", "movieCruiser1\movieCruiser1.csproj", "{2EA637EE-0BCA-4189-A902-9C7B735C05C1}"
EndProject
Project("{FAE04EC0-301F-11D3-BF4B-00C04F79EFBC}") = "Com.Cognizant.MovieCruiser.Dao", "..\Moviecruiser\Com.Cognizant.MovieCruiser.Dao\Com.Cognizant.MovieCruiser.Dao.csproj", "{2F869011-897B-46EF-9534-335CB4105ED8}"
EndProject
Project("{FAE04EC0-301F-11D3-BF4B-00C04F79EFBC}") = "Com.Cognizant.MovieCruiser.Model", "..\Moviecruiser\Com.Cognizant.MovieCruiser.Model\Com.Cognizant.MovieCruiser.Model.csproj", "{3D5EEF30-A726-4A8F-B1E0-D5284EBB9F6F}"
EndProject
Global
	GlobalSection(SolutionConfigurationPlatforms) = preSolution
		Debug|Any CPU = Debug|Any CPU
		Release|Any CPU = Release|Any CPU
	EndGlobalSection
	GlobalSection(ProjectConfigurationPlatforms) = postSolution
		{2EA637EE-0BCA-4189-A902-9C7B735C05C1}.Debug|Any CPU.ActiveCfg = Debug|Any CPU
		{2EA637EE-0BCA-4189-A902-9C7B735C05C1}.Debug|Any CPU.Build.0 = Debug|Any CPU
		{2EA637EE-0BCA-4189-A902-9C7B735C05C1}.Release|Any CPU.ActiveCfg = Release|Any CPU
		{2EA637EE-0BCA-4189-A902-9C7B735C05C1}.Release|Any CPU.Build.0 = Release|Any CPU
		{2F869011-897B-46EF-9534-335CB4105ED8}.Debug|Any CPU.ActiveCfg = Debug|Any CPU
		{2F869011-897B-46EF-9534-335CB4105ED8}.Debug|Any CPU.Build.0 = Debug|Any CPU
		{2F869011-897B-46EF-9534-335CB4105ED8}.Release|Any CPU.ActiveCfg = Release|Any CPU
		{2F869011-897B-46EF-9534-335CB4105ED8}.Release|Any CPU.Build.0 = Release|Any CPU
		{3D5EEF30-A726-4A8F-B1E0-D5284EBB9F6F}.Debug|Any CPU.ActiveCfg = Debug|Any CPU
		{3D5EEF30-A726-4A8F-B1E0-D5284EBB9F6F}.Debug|Any CPU.Build.0 = Debug|Any CPU
		{3D5EEF30-A726-4A8F-B1E0-D5284EBB9F6F}.Release|Any CPU.ActiveCfg = Release|Any CPU
		{3D5EEF30-A726-4A8F-B1E0-D5284EBB9F6F}.Release|Any CPU.Build.0 = Release|Any CPU
	EndGlobalSection
	GlobalSection(SolutionProperties) = preSolution
		HideSolutionNode = FALSE
	EndGlobalSection
	GlobalSection(ExtensibilityGlobals) = postSolution
		SolutionGuid = {3C000DBC-382C-47C1-89F6-34296C6AF89B}
	EndGlobalSection
EndGlobal
